{
  "name": "ajs-hw-3-node",
  "version": "1.0.0",
  "lockfileVersion": 1,
  "requires": true,
  "dependencies": {
    "@ahtimir/ajs-hw-3": {
      "version": "1.0.0",
      "resolved": "https://npm.pkg.github.com/download/@ahtimir/ajs-hw-3/1.0.0/0165d2cea769cfd7cc12fc48122ad5d551b75ec12ff66a5a144f0b426d576a88",
      "integrity": "sha512-E7OS5atWYI70JhBJ/hUKtZGfL+cbWcg51/YRilm1ASLq8p+mG3gEpGD31o4H9Vb9COUVUbBXafxNTeAbwA9JYg=="
    }
  }
}
